<?xml version="1.0" encoding="utf-8"?>
<Project ToolsVersion="4.0" xmlns="http://schemas.microsoft.com/developer/msbuild/2003">
  <ItemGroup>
    <ClCompile Include="main.cpp" />
  </ItemGroup>
  <ItemGroup>
    <Filter Include="music">
      <UniqueIdentifier>{0edbdf9a-025c-431f-abd3-0bad4b20f619}</UniqueIdentifier>
    </Filter>
  </ItemGroup>
  <ItemGroup>
    <Media Include="music\none.wav">
      <Filter>music</Filter>
    </Media>
    <Media Include="music\001.wav">
      <Filter>music</Filter>
    </Media>
    <Media Include="music\002.wav">
      <Filter>music</Filter>
    </Media>
    <Media Include="music\003.wav">
      <Filter>music</Filter>
    </Media>
    <Media Include="music\004.wav">
      <Filter>music</Filter>
    </Media>
    <Media Include="music\005.wav">
      <Filter>music</Filter>
    </Media>
  </ItemGroup>
  <ItemGroup>
    <None Include="chime.conf" />
  </ItemGroup>
</Project>